github.com/MateoCaicedoW/GO-SMTP v0.3.0 h1:dC/dv8sW8jy7jwn+chx5hGBaN4Kw0VGeSV/ncK0u/pM=
github.com/MateoCaicedoW/GO-SMTP v0.3.0/go.mod h1:CsAJUldT8iCEh81jG1ac87pVJkIf5JjSlZMYFfE2+Qc=
github.com/gorilla/mux v1.8.1 h1:TuBL49tXwgrFYWhqrNgrUNEY92u81SPhu7sTdzQEiWY=
github.com/gorilla/mux v1.8.1/go.mod h1:AKf9I4AEqPTmMytcMc0KkNouC66V3BtZ4qD5fmWSiMQ=
github.com/joho/godotenv v1.5.1 h1:7eLL/+HRGLY0ldzfGMeQkb7vMd0as4CfYvUVzLqw0N0=
github.com/joho/godotenv v1.5.1/go.mod h1:f4LDr5Voq0i2e/R5DDNOoa2zzDfwtkZa6DnEwAbqwq4=
